
Microsoft Visual Studio Solution File, Format Version 12.00
# Visual Studio Version 17
VisualStudioVersion = 17.6.33829.357
MinimumVisualStudioVersion = 10.0.40219.1
Project("{9A19103F-16F7-4668-BE54-9A1E7A4F7556}") = "CommonInitializer", "CommonInitializer\CommonInitializer.csproj", "{C7A1D17F-1E73-4B75-A976-F793C1F507F5}"
EndProject
Project("{9A19103F-16F7-4668-BE54-9A1E7A4F7556}") = "Zack.ASPNETCore", "Zack.ASPNETCore\Zack.ASPNETCore.csproj", "{F7F60CA9-74EE-40B9-A523-260A8A7AA4B4}"
EndProject
Project("{9A19103F-16F7-4668-BE54-9A1E7A4F7556}") = "Zack.Commons", "Zack.Commons\Zack.Commons.csproj", "{6CB29C02-A7C6-48CB-8D04-C616E0227A37}"
EndProject
Project("{9A19103F-16F7-4668-BE54-9A1E7A4F7556}") = "Zack.DomainCommons", "Zack.DomainCommons\Zack.DomainCommons.csproj", "{6578C96C-EBB1-466F-8FE1-9B05D39DA375}"
EndProject
Project("{9A19103F-16F7-4668-BE54-9A1E7A4F7556}") = "Zack.Infrastructure", "Zack.Infrastructure\Zack.Infrastructure.csproj", "{7E830C9F-E6B9-409C-A7E4-6323DE11DFD1}"
EndProject
Project("{9A19103F-16F7-4668-BE54-9A1E7A4F7556}") = "Zack.JWT", "Zack.JWT\Zack.JWT.csproj", "{8608F215-3E88-49B4-938E-38E81D79819B}"
EndProject
Project("{2150E333-8FDC-42A3-9474-1A3956D46DE8}") = "Commons", "Commons", "{FF7FDED5-CADD-4A85-81A6-AF448A3740FC}"
EndProject
Project("{2150E333-8FDC-42A3-9474-1A3956D46DE8}") = "FileService", "FileService", "{59DFFAC5-D599-4CAD-BB23-BB1EC73995CB}"
EndProject
Project("{9A19103F-16F7-4668-BE54-9A1E7A4F7556}") = "FileService.Domain", "FileService.Domain\FileService.Domain.csproj", "{22674E50-2678-476B-8129-5AEE001BE8AE}"
EndProject
Project("{9A19103F-16F7-4668-BE54-9A1E7A4F7556}") = "FileService.Infratructure", "FileService.Infratructure\FileService.Infratructure.csproj", "{D8D7434B-5B27-4784-B221-2AFE1A13CB6B}"
EndProject
Project("{9A19103F-16F7-4668-BE54-9A1E7A4F7556}") = "FileService.SDK.NETCore", "FileService.SDK.NETCore\FileService.SDK.NETCore.csproj", "{CE4FDF91-9DDA-42DC-86AC-0EF7600E677A}"
EndProject
Project("{9A19103F-16F7-4668-BE54-9A1E7A4F7556}") = "FileService.WebAPI", "FileService.WebAPI\FileService.WebAPI.csproj", "{C6B519CC-1FF0-4251-A8F0-DDD5490FBBF5}"
EndProject
Project("{2150E333-8FDC-42A3-9474-1A3956D46DE8}") = "IdentityService", "IdentityService", "{62A31BF2-82EF-4B99-97D5-75F56288F013}"
EndProject
Project("{9A19103F-16F7-4668-BE54-9A1E7A4F7556}") = "IdentityService.Domain", "IdentityService.Domain\IdentityService.Domain.csproj", "{49AF43D2-A339-4DCE-B3C5-E9655566E63A}"
EndProject
Project("{9A19103F-16F7-4668-BE54-9A1E7A4F7556}") = "IdentityService.Infrastructure", "IdentityService.Infrastructure\IdentityService.Infrastructure.csproj", "{9307EC27-D6FE-4910-90B9-B529A929BA27}"
EndProject
Project("{9A19103F-16F7-4668-BE54-9A1E7A4F7556}") = "IdentityService.WebAPI", "IdentityService.WebAPI\IdentityService.WebAPI.csproj", "{34EFED89-431A-4290-871B-E6FD6374DE83}"
EndProject
Project("{2150E333-8FDC-42A3-9474-1A3956D46DE8}") = "Listening", "Listening", "{3DB43FB2-68FA-4F75-B832-C9E8ED2622EC}"
EndProject
Project("{9A19103F-16F7-4668-BE54-9A1E7A4F7556}") = "Listening.Domain", "Listening.Domain\Listening.Domain.csproj", "{2FDDB814-F8F5-4F7A-9EBE-3F5D9B2FC47E}"
EndProject
Project("{9A19103F-16F7-4668-BE54-9A1E7A4F7556}") = "Listening.Infrastructure", "Listening.Infrastructure\Listening.Infrastructure.csproj", "{6A9BAB1E-497C-4DE0-9D76-415DDAEEAFD9}"
EndProject
Project("{9A19103F-16F7-4668-BE54-9A1E7A4F7556}") = "Listening.Admin.WebAPI", "Listening.Admin.WebAPI\Listening.Admin.WebAPI.csproj", "{767449B9-893B-49C4-AF33-F30E6A16F791}"
EndProject
Project("{9A19103F-16F7-4668-BE54-9A1E7A4F7556}") = "Listening.Main.WebAPI", "Listening.Main.WebAPI\Listening.Main.WebAPI.csproj", "{5563A2DF-E146-41AC-BADE-2C5EF2B43C9A}"
EndProject
Project("{2150E333-8FDC-42A3-9474-1A3956D46DE8}") = "MediaEncoder", "MediaEncoder", "{C1B7954A-E406-4370-9FBF-4C260BA2B3C6}"
EndProject
Project("{9A19103F-16F7-4668-BE54-9A1E7A4F7556}") = "MediaEncoder.Domain", "MediaEncoder.Domain\MediaEncoder.Domain.csproj", "{D6F4B465-2E17-4A77-8127-1D897242C912}"
EndProject
Project("{9A19103F-16F7-4668-BE54-9A1E7A4F7556}") = "MediaEncoder.Infrastructure", "MediaEncoder.Infrastructure\MediaEncoder.Infrastructure.csproj", "{F37ACEC5-E402-432F-ABF2-92D852F0BC5F}"
EndProject
Project("{9A19103F-16F7-4668-BE54-9A1E7A4F7556}") = "MediaEncoder.WebAPI", "MediaEncoder.WebAPI\MediaEncoder.WebAPI.csproj", "{CEFC96D2-D138-4F9C-B5E0-45FB9FC32D0C}"
EndProject
Project("{2150E333-8FDC-42A3-9474-1A3956D46DE8}") = "SearchService", "SearchService", "{A1468998-528E-4CC8-85A0-AB8FFB58861D}"
EndProject
Project("{FAE04EC0-301F-11D3-BF4B-00C04F79EFBC}") = "SearchService.Domain", "SearchService.Domain\SearchService.Domain.csproj", "{55EE5963-A4C4-4C94-88B2-D4347484542B}"
EndProject
Project("{FAE04EC0-301F-11D3-BF4B-00C04F79EFBC}") = "SearchService.Infrastructure", "SearchService.Infrastructure\SearchService.Infrastructure.csproj", "{A799B5AA-149D-4C0C-80F1-C4910EA28F0D}"
EndProject
Project("{FAE04EC0-301F-11D3-BF4B-00C04F79EFBC}") = "SearchService.WebAPI", "SearchService.WebAPI\SearchService.WebAPI.csproj", "{7A477032-A8DA-4378-A833-FEE0BBB19489}"
EndProject
Global
	GlobalSection(SolutionConfigurationPlatforms) = preSolution
		Debug|Any CPU = Debug|Any CPU
		Release|Any CPU = Release|Any CPU
	EndGlobalSection
	GlobalSection(ProjectConfigurationPlatforms) = postSolution
		{C7A1D17F-1E73-4B75-A976-F793C1F507F5}.Debug|Any CPU.ActiveCfg = Debug|Any CPU
		{C7A1D17F-1E73-4B75-A976-F793C1F507F5}.Debug|Any CPU.Build.0 = Debug|Any CPU
		{C7A1D17F-1E73-4B75-A976-F793C1F507F5}.Release|Any CPU.ActiveCfg = Release|Any CPU
		{C7A1D17F-1E73-4B75-A976-F793C1F507F5}.Release|Any CPU.Build.0 = Release|Any CPU
		{F7F60CA9-74EE-40B9-A523-260A8A7AA4B4}.Debug|Any CPU.ActiveCfg = Debug|Any CPU
		{F7F60CA9-74EE-40B9-A523-260A8A7AA4B4}.Debug|Any CPU.Build.0 = Debug|Any CPU
		{F7F60CA9-74EE-40B9-A523-260A8A7AA4B4}.Release|Any CPU.ActiveCfg = Release|Any CPU
		{F7F60CA9-74EE-40B9-A523-260A8A7AA4B4}.Release|Any CPU.Build.0 = Release|Any CPU
		{6CB29C02-A7C6-48CB-8D04-C616E0227A37}.Debug|Any CPU.ActiveCfg = Debug|Any CPU
		{6CB29C02-A7C6-48CB-8D04-C616E0227A37}.Debug|Any CPU.Build.0 = Debug|Any CPU
		{6CB29C02-A7C6-48CB-8D04-C616E0227A37}.Release|Any CPU.ActiveCfg = Release|Any CPU
		{6CB29C02-A7C6-48CB-8D04-C616E0227A37}.Release|Any CPU.Build.0 = Release|Any CPU
		{6578C96C-EBB1-466F-8FE1-9B05D39DA375}.Debug|Any CPU.ActiveCfg = Debug|Any CPU
		{6578C96C-EBB1-466F-8FE1-9B05D39DA375}.Debug|Any CPU.Build.0 = Debug|Any CPU
		{6578C96C-EBB1-466F-8FE1-9B05D39DA375}.Release|Any CPU.ActiveCfg = Release|Any CPU
		{6578C96C-EBB1-466F-8FE1-9B05D39DA375}.Release|Any CPU.Build.0 = Release|Any CPU
		{7E830C9F-E6B9-409C-A7E4-6323DE11DFD1}.Debug|Any CPU.ActiveCfg = Debug|Any CPU
		{7E830C9F-E6B9-409C-A7E4-6323DE11DFD1}.Debug|Any CPU.Build.0 = Debug|Any CPU
		{7E830C9F-E6B9-409C-A7E4-6323DE11DFD1}.Release|Any CPU.ActiveCfg = Release|Any CPU
		{7E830C9F-E6B9-409C-A7E4-6323DE11DFD1}.Release|Any CPU.Build.0 = Release|Any CPU
		{8608F215-3E88-49B4-938E-38E81D79819B}.Debug|Any CPU.ActiveCfg = Debug|Any CPU
		{8608F215-3E88-49B4-938E-38E81D79819B}.Debug|Any CPU.Build.0 = Debug|Any CPU
		{8608F215-3E88-49B4-938E-38E81D79819B}.Release|Any CPU.ActiveCfg = Release|Any CPU
		{8608F215-3E88-49B4-938E-38E81D79819B}.Release|Any CPU.Build.0 = Release|Any CPU
		{22674E50-2678-476B-8129-5AEE001BE8AE}.Debug|Any CPU.ActiveCfg = Debug|Any CPU
		{22674E50-2678-476B-8129-5AEE001BE8AE}.Debug|Any CPU.Build.0 = Debug|Any CPU
		{22674E50-2678-476B-8129-5AEE001BE8AE}.Release|Any CPU.ActiveCfg = Release|Any CPU
		{22674E50-2678-476B-8129-5AEE001BE8AE}.Release|Any CPU.Build.0 = Release|Any CPU
		{D8D7434B-5B27-4784-B221-2AFE1A13CB6B}.Debug|Any CPU.ActiveCfg = Debug|Any CPU
		{D8D7434B-5B27-4784-B221-2AFE1A13CB6B}.Debug|Any CPU.Build.0 = Debug|Any CPU
		{D8D7434B-5B27-4784-B221-2AFE1A13CB6B}.Release|Any CPU.ActiveCfg = Release|Any CPU
		{D8D7434B-5B27-4784-B221-2AFE1A13CB6B}.Release|Any CPU.Build.0 = Release|Any CPU
		{CE4FDF91-9DDA-42DC-86AC-0EF7600E677A}.Debug|Any CPU.ActiveCfg = Debug|Any CPU
		{CE4FDF91-9DDA-42DC-86AC-0EF7600E677A}.Debug|Any CPU.Build.0 = Debug|Any CPU
		{CE4FDF91-9DDA-42DC-86AC-0EF7600E677A}.Release|Any CPU.ActiveCfg = Release|Any CPU
		{CE4FDF91-9DDA-42DC-86AC-0EF7600E677A}.Release|Any CPU.Build.0 = Release|Any CPU
		{C6B519CC-1FF0-4251-A8F0-DDD5490FBBF5}.Debug|Any CPU.ActiveCfg = Debug|Any CPU
		{C6B519CC-1FF0-4251-A8F0-DDD5490FBBF5}.Debug|Any CPU.Build.0 = Debug|Any CPU
		{C6B519CC-1FF0-4251-A8F0-DDD5490FBBF5}.Release|Any CPU.ActiveCfg = Release|Any CPU
		{C6B519CC-1FF0-4251-A8F0-DDD5490FBBF5}.Release|Any CPU.Build.0 = Release|Any CPU
		{49AF43D2-A339-4DCE-B3C5-E9655566E63A}.Debug|Any CPU.ActiveCfg = Debug|Any CPU
		{49AF43D2-A339-4DCE-B3C5-E9655566E63A}.Debug|Any CPU.Build.0 = Debug|Any CPU
		{49AF43D2-A339-4DCE-B3C5-E9655566E63A}.Release|Any CPU.ActiveCfg = Release|Any CPU
		{49AF43D2-A339-4DCE-B3C5-E9655566E63A}.Release|Any CPU.Build.0 = Release|Any CPU
		{9307EC27-D6FE-4910-90B9-B529A929BA27}.Debug|Any CPU.ActiveCfg = Debug|Any CPU
		{9307EC27-D6FE-4910-90B9-B529A929BA27}.Debug|Any CPU.Build.0 = Debug|Any CPU
		{9307EC27-D6FE-4910-90B9-B529A929BA27}.Release|Any CPU.ActiveCfg = Release|Any CPU
		{9307EC27-D6FE-4910-90B9-B529A929BA27}.Release|Any CPU.Build.0 = Release|Any CPU
		{34EFED89-431A-4290-871B-E6FD6374DE83}.Debug|Any CPU.ActiveCfg = Debug|Any CPU
		{34EFED89-431A-4290-871B-E6FD6374DE83}.Debug|Any CPU.Build.0 = Debug|Any CPU
		{34EFED89-431A-4290-871B-E6FD6374DE83}.Release|Any CPU.ActiveCfg = Release|Any CPU
		{34EFED89-431A-4290-871B-E6FD6374DE83}.Release|Any CPU.Build.0 = Release|Any CPU
		{2FDDB814-F8F5-4F7A-9EBE-3F5D9B2FC47E}.Debug|Any CPU.ActiveCfg = Debug|Any CPU
		{2FDDB814-F8F5-4F7A-9EBE-3F5D9B2FC47E}.Debug|Any CPU.Build.0 = Debug|Any CPU
		{2FDDB814-F8F5-4F7A-9EBE-3F5D9B2FC47E}.Release|Any CPU.ActiveCfg = Release|Any CPU
		{2FDDB814-F8F5-4F7A-9EBE-3F5D9B2FC47E}.Release|Any CPU.Build.0 = Release|Any CPU
		{6A9BAB1E-497C-4DE0-9D76-415DDAEEAFD9}.Debug|Any CPU.ActiveCfg = Debug|Any CPU
		{6A9BAB1E-497C-4DE0-9D76-415DDAEEAFD9}.Debug|Any CPU.Build.0 = Debug|Any CPU
		{6A9BAB1E-497C-4DE0-9D76-415DDAEEAFD9}.Release|Any CPU.ActiveCfg = Release|Any CPU
		{6A9BAB1E-497C-4DE0-9D76-415DDAEEAFD9}.Release|Any CPU.Build.0 = Release|Any CPU
		{767449B9-893B-49C4-AF33-F30E6A16F791}.Debug|Any CPU.ActiveCfg = Debug|Any CPU
		{767449B9-893B-49C4-AF33-F30E6A16F791}.Debug|Any CPU.Build.0 = Debug|Any CPU
		{767449B9-893B-49C4-AF33-F30E6A16F791}.Release|Any CPU.ActiveCfg = Release|Any CPU
		{767449B9-893B-49C4-AF33-F30E6A16F791}.Release|Any CPU.Build.0 = Release|Any CPU
		{5563A2DF-E146-41AC-BADE-2C5EF2B43C9A}.Debug|Any CPU.ActiveCfg = Debug|Any CPU
		{5563A2DF-E146-41AC-BADE-2C5EF2B43C9A}.Debug|Any CPU.Build.0 = Debug|Any CPU
		{5563A2DF-E146-41AC-BADE-2C5EF2B43C9A}.Release|Any CPU.ActiveCfg = Release|Any CPU
		{5563A2DF-E146-41AC-BADE-2C5EF2B43C9A}.Release|Any CPU.Build.0 = Release|Any CPU
		{D6F4B465-2E17-4A77-8127-1D897242C912}.Debug|Any CPU.ActiveCfg = Debug|Any CPU
		{D6F4B465-2E17-4A77-8127-1D897242C912}.Debug|Any CPU.Build.0 = Debug|Any CPU
		{D6F4B465-2E17-4A77-8127-1D897242C912}.Release|Any CPU.ActiveCfg = Release|Any CPU
		{D6F4B465-2E17-4A77-8127-1D897242C912}.Release|Any CPU.Build.0 = Release|Any CPU
		{F37ACEC5-E402-432F-ABF2-92D852F0BC5F}.Debug|Any CPU.ActiveCfg = Debug|Any CPU
		{F37ACEC5-E402-432F-ABF2-92D852F0BC5F}.Debug|Any CPU.Build.0 = Debug|Any CPU
		{F37ACEC5-E402-432F-ABF2-92D852F0BC5F}.Release|Any CPU.ActiveCfg = Release|Any CPU
		{F37ACEC5-E402-432F-ABF2-92D852F0BC5F}.Release|Any CPU.Build.0 = Release|Any CPU
		{CEFC96D2-D138-4F9C-B5E0-45FB9FC32D0C}.Debug|Any CPU.ActiveCfg = Debug|Any CPU
		{CEFC96D2-D138-4F9C-B5E0-45FB9FC32D0C}.Debug|Any CPU.Build.0 = Debug|Any CPU
		{CEFC96D2-D138-4F9C-B5E0-45FB9FC32D0C}.Release|Any CPU.ActiveCfg = Release|Any CPU
		{CEFC96D2-D138-4F9C-B5E0-45FB9FC32D0C}.Release|Any CPU.Build.0 = Release|Any CPU
		{55EE5963-A4C4-4C94-88B2-D4347484542B}.Debug|Any CPU.ActiveCfg = Debug|Any CPU
		{55EE5963-A4C4-4C94-88B2-D4347484542B}.Debug|Any CPU.Build.0 = Debug|Any CPU
		{55EE5963-A4C4-4C94-88B2-D4347484542B}.Release|Any CPU.ActiveCfg = Release|Any CPU
		{55EE5963-A4C4-4C94-88B2-D4347484542B}.Release|Any CPU.Build.0 = Release|Any CPU
		{A799B5AA-149D-4C0C-80F1-C4910EA28F0D}.Debug|Any CPU.ActiveCfg = Debug|Any CPU
		{A799B5AA-149D-4C0C-80F1-C4910EA28F0D}.Debug|Any CPU.Build.0 = Debug|Any CPU
		{A799B5AA-149D-4C0C-80F1-C4910EA28F0D}.Release|Any CPU.ActiveCfg = Release|Any CPU
		{A799B5AA-149D-4C0C-80F1-C4910EA28F0D}.Release|Any CPU.Build.0 = Release|Any CPU
		{7A477032-A8DA-4378-A833-FEE0BBB19489}.Debug|Any CPU.ActiveCfg = Debug|Any CPU
		{7A477032-A8DA-4378-A833-FEE0BBB19489}.Debug|Any CPU.Build.0 = Debug|Any CPU
		{7A477032-A8DA-4378-A833-FEE0BBB19489}.Release|Any CPU.ActiveCfg = Release|Any CPU
		{7A477032-A8DA-4378-A833-FEE0BBB19489}.Release|Any CPU.Build.0 = Release|Any CPU
	EndGlobalSection
	GlobalSection(SolutionProperties) = preSolution
		HideSolutionNode = FALSE
	EndGlobalSection
	GlobalSection(NestedProjects) = preSolution
		{C7A1D17F-1E73-4B75-A976-F793C1F507F5} = {FF7FDED5-CADD-4A85-81A6-AF448A3740FC}
		{F7F60CA9-74EE-40B9-A523-260A8A7AA4B4} = {FF7FDED5-CADD-4A85-81A6-AF448A3740FC}
		{6CB29C02-A7C6-48CB-8D04-C616E0227A37} = {FF7FDED5-CADD-4A85-81A6-AF448A3740FC}
		{6578C96C-EBB1-466F-8FE1-9B05D39DA375} = {FF7FDED5-CADD-4A85-81A6-AF448A3740FC}
		{7E830C9F-E6B9-409C-A7E4-6323DE11DFD1} = {FF7FDED5-CADD-4A85-81A6-AF448A3740FC}
		{8608F215-3E88-49B4-938E-38E81D79819B} = {FF7FDED5-CADD-4A85-81A6-AF448A3740FC}
		{22674E50-2678-476B-8129-5AEE001BE8AE} = {59DFFAC5-D599-4CAD-BB23-BB1EC73995CB}
		{D8D7434B-5B27-4784-B221-2AFE1A13CB6B} = {59DFFAC5-D599-4CAD-BB23-BB1EC73995CB}
		{CE4FDF91-9DDA-42DC-86AC-0EF7600E677A} = {59DFFAC5-D599-4CAD-BB23-BB1EC73995CB}
		{C6B519CC-1FF0-4251-A8F0-DDD5490FBBF5} = {59DFFAC5-D599-4CAD-BB23-BB1EC73995CB}
		{49AF43D2-A339-4DCE-B3C5-E9655566E63A} = {62A31BF2-82EF-4B99-97D5-75F56288F013}
		{9307EC27-D6FE-4910-90B9-B529A929BA27} = {62A31BF2-82EF-4B99-97D5-75F56288F013}
		{34EFED89-431A-4290-871B-E6FD6374DE83} = {62A31BF2-82EF-4B99-97D5-75F56288F013}
		{2FDDB814-F8F5-4F7A-9EBE-3F5D9B2FC47E} = {3DB43FB2-68FA-4F75-B832-C9E8ED2622EC}
		{6A9BAB1E-497C-4DE0-9D76-415DDAEEAFD9} = {3DB43FB2-68FA-4F75-B832-C9E8ED2622EC}
		{767449B9-893B-49C4-AF33-F30E6A16F791} = {3DB43FB2-68FA-4F75-B832-C9E8ED2622EC}
		{5563A2DF-E146-41AC-BADE-2C5EF2B43C9A} = {3DB43FB2-68FA-4F75-B832-C9E8ED2622EC}
		{D6F4B465-2E17-4A77-8127-1D897242C912} = {C1B7954A-E406-4370-9FBF-4C260BA2B3C6}
		{F37ACEC5-E402-432F-ABF2-92D852F0BC5F} = {C1B7954A-E406-4370-9FBF-4C260BA2B3C6}
		{CEFC96D2-D138-4F9C-B5E0-45FB9FC32D0C} = {C1B7954A-E406-4370-9FBF-4C260BA2B3C6}
		{55EE5963-A4C4-4C94-88B2-D4347484542B} = {A1468998-528E-4CC8-85A0-AB8FFB58861D}
		{A799B5AA-149D-4C0C-80F1-C4910EA28F0D} = {A1468998-528E-4CC8-85A0-AB8FFB58861D}
		{7A477032-A8DA-4378-A833-FEE0BBB19489} = {A1468998-528E-4CC8-85A0-AB8FFB58861D}
	EndGlobalSection
	GlobalSection(ExtensibilityGlobals) = postSolution
		SolutionGuid = {AFA8EF9D-6262-4A6E-BF96-F887F5B33714}
	EndGlobalSection
EndGlobal
