
Microsoft Visual Studio Solution File, Format Version 12.00
# Visual Studio Version 17
VisualStudioVersion = 17.6.33801.468
MinimumVisualStudioVersion = 10.0.40219.1
Project("{FAE04EC0-301F-11D3-BF4B-00C04F79EFBC}") = "7.2 配置系统与ASP.NET Core的集成", "7.2 配置系统与ASP.NET Core的集成\7.2 配置系统与ASP.NET Core的集成.csproj", "{7FEB6AB7-7F5F-41B9-B0F2-34341B969670}"
EndProject
Global
	GlobalSection(SolutionConfigurationPlatforms) = preSolution
		Debug|Any CPU = Debug|Any CPU
		Release|Any CPU = Release|Any CPU
	EndGlobalSection
	GlobalSection(ProjectConfigurationPlatforms) = postSolution
		{7FEB6AB7-7F5F-41B9-B0F2-34341B969670}.Debug|Any CPU.ActiveCfg = Debug|Any CPU
		{7FEB6AB7-7F5F-41B9-B0F2-34341B969670}.Debug|Any CPU.Build.0 = Debug|Any CPU
		{7FEB6AB7-7F5F-41B9-B0F2-34341B969670}.Release|Any CPU.ActiveCfg = Release|Any CPU
		{7FEB6AB7-7F5F-41B9-B0F2-34341B969670}.Release|Any CPU.Build.0 = Release|Any CPU
	EndGlobalSection
	GlobalSection(SolutionProperties) = preSolution
		HideSolutionNode = FALSE
	EndGlobalSection
	GlobalSection(ExtensibilityGlobals) = postSolution
		SolutionGuid = {09E76751-C077-458B-8F9C-D87CCBB820BB}
	EndGlobalSection
EndGlobal
