
Microsoft Visual Studio Solution File, Format Version 12.00
# Visual Studio Version 17
VisualStudioVersion = 17.8.34322.80
MinimumVisualStudioVersion = 10.0.40219.1
Project("{FAE04EC0-301F-11D3-BF4B-00C04F79EFBC}") = "Debug模式及异常处理", "Debug模式及异常处理\Debug模式及异常处理.csproj", "{26C19454-F0EF-4432-8970-273BFC352456}"
EndProject
Global
	GlobalSection(SolutionConfigurationPlatforms) = preSolution
		Debug|Any CPU = Debug|Any CPU
		Release|Any CPU = Release|Any CPU
	EndGlobalSection
	GlobalSection(ProjectConfigurationPlatforms) = postSolution
		{26C19454-F0EF-4432-8970-273BFC352456}.Debug|Any CPU.ActiveCfg = Debug|Any CPU
		{26C19454-F0EF-4432-8970-273BFC352456}.Debug|Any CPU.Build.0 = Debug|Any CPU
		{26C19454-F0EF-4432-8970-273BFC352456}.Release|Any CPU.ActiveCfg = Release|Any CPU
		{26C19454-F0EF-4432-8970-273BFC352456}.Release|Any CPU.Build.0 = Release|Any CPU
	EndGlobalSection
	GlobalSection(SolutionProperties) = preSolution
		HideSolutionNode = FALSE
	EndGlobalSection
	GlobalSection(ExtensibilityGlobals) = postSolution
		SolutionGuid = {492DB186-45BE-4ADF-9852-64FEF156EBDB}
	EndGlobalSection
EndGlobal
