
Microsoft Visual Studio Solution File, Format Version 12.00
# Visual Studio Version 17
VisualStudioVersion = 17.8.34330.188
MinimumVisualStudioVersion = 10.0.40219.1
Project("{FAE04EC0-301F-11D3-BF4B-00C04F79EFBC}") = "后端数据请求", "后端数据请求\后端数据请求.csproj", "{F93F6123-497A-471E-80E0-906DB8CC172B}"
EndProject
Global
	GlobalSection(SolutionConfigurationPlatforms) = preSolution
		Debug|Any CPU = Debug|Any CPU
		Release|Any CPU = Release|Any CPU
	EndGlobalSection
	GlobalSection(ProjectConfigurationPlatforms) = postSolution
		{F93F6123-497A-471E-80E0-906DB8CC172B}.Debug|Any CPU.ActiveCfg = Debug|Any CPU
		{F93F6123-497A-471E-80E0-906DB8CC172B}.Debug|Any CPU.Build.0 = Debug|Any CPU
		{F93F6123-497A-471E-80E0-906DB8CC172B}.Release|Any CPU.ActiveCfg = Release|Any CPU
		{F93F6123-497A-471E-80E0-906DB8CC172B}.Release|Any CPU.Build.0 = Release|Any CPU
	EndGlobalSection
	GlobalSection(SolutionProperties) = preSolution
		HideSolutionNode = FALSE
	EndGlobalSection
	GlobalSection(ExtensibilityGlobals) = postSolution
		SolutionGuid = {591665CF-DD58-41EE-9998-316FB3CE7C5B}
	EndGlobalSection
EndGlobal
