
Microsoft Visual Studio Solution File, Format Version 12.00
# Visual Studio Version 17
VisualStudioVersion = 17.6.33801.468
MinimumVisualStudioVersion = 10.0.40219.1
Project("{9A19103F-16F7-4668-BE54-9A1E7A4F7556}") = "BooksEFCore", "BooksEFCore\BooksEFCore.csproj", "{987FE460-EBB6-4AA5-917D-9CADB4733913}"
EndProject
Project("{9A19103F-16F7-4668-BE54-9A1E7A4F7556}") = "WebApplication1", "WebApplication1\WebApplication1.csproj", "{71C6FB36-64EE-4FC8-9BB5-9659D4EDC8BB}"
EndProject
Global
	GlobalSection(SolutionConfigurationPlatforms) = preSolution
		Debug|Any CPU = Debug|Any CPU
		Release|Any CPU = Release|Any CPU
	EndGlobalSection
	GlobalSection(ProjectConfigurationPlatforms) = postSolution
		{987FE460-EBB6-4AA5-917D-9CADB4733913}.Debug|Any CPU.ActiveCfg = Debug|Any CPU
		{987FE460-EBB6-4AA5-917D-9CADB4733913}.Debug|Any CPU.Build.0 = Debug|Any CPU
		{987FE460-EBB6-4AA5-917D-9CADB4733913}.Release|Any CPU.ActiveCfg = Release|Any CPU
		{987FE460-EBB6-4AA5-917D-9CADB4733913}.Release|Any CPU.Build.0 = Release|Any CPU
		{71C6FB36-64EE-4FC8-9BB5-9659D4EDC8BB}.Debug|Any CPU.ActiveCfg = Debug|Any CPU
		{71C6FB36-64EE-4FC8-9BB5-9659D4EDC8BB}.Debug|Any CPU.Build.0 = Debug|Any CPU
		{71C6FB36-64EE-4FC8-9BB5-9659D4EDC8BB}.Release|Any CPU.ActiveCfg = Release|Any CPU
		{71C6FB36-64EE-4FC8-9BB5-9659D4EDC8BB}.Release|Any CPU.Build.0 = Release|Any CPU
	EndGlobalSection
	GlobalSection(SolutionProperties) = preSolution
		HideSolutionNode = FALSE
	EndGlobalSection
	GlobalSection(ExtensibilityGlobals) = postSolution
		SolutionGuid = {2464A83B-8454-444A-AA90-E0E3AB8AB3A5}
	EndGlobalSection
EndGlobal
