
Microsoft Visual Studio Solution File, Format Version 12.00
# Visual Studio Version 17
VisualStudioVersion = 17.6.33801.468
MinimumVisualStudioVersion = 10.0.40219.1
Project("{FAE04EC0-301F-11D3-BF4B-00C04F79EFBC}") = "4.6 关系配置", "4.6 关系配置\4.6 关系配置.csproj", "{A6EAEDCA-27E8-4F5C-9EB1-845D30435575}"
EndProject
Global
	GlobalSection(SolutionConfigurationPlatforms) = preSolution
		Debug|Any CPU = Debug|Any CPU
		Release|Any CPU = Release|Any CPU
	EndGlobalSection
	GlobalSection(ProjectConfigurationPlatforms) = postSolution
		{A6EAEDCA-27E8-4F5C-9EB1-845D30435575}.Debug|Any CPU.ActiveCfg = Debug|Any CPU
		{A6EAEDCA-27E8-4F5C-9EB1-845D30435575}.Debug|Any CPU.Build.0 = Debug|Any CPU
		{A6EAEDCA-27E8-4F5C-9EB1-845D30435575}.Release|Any CPU.ActiveCfg = Release|Any CPU
		{A6EAEDCA-27E8-4F5C-9EB1-845D30435575}.Release|Any CPU.Build.0 = Release|Any CPU
	EndGlobalSection
	GlobalSection(SolutionProperties) = preSolution
		HideSolutionNode = FALSE
	EndGlobalSection
	GlobalSection(ExtensibilityGlobals) = postSolution
		SolutionGuid = {714E469D-DD59-471A-A725-C972AA5BB31D}
	EndGlobalSection
EndGlobal
