
Microsoft Visual Studio Solution File, Format Version 12.00
# Visual Studio Version 17
VisualStudioVersion = 17.8.34316.72
MinimumVisualStudioVersion = 10.0.40219.1
Project("{FAE04EC0-301F-11D3-BF4B-00C04F79EFBC}") = "缓存", "缓存\缓存.csproj", "{C584FF60-C105-4A46-8FA9-A868AD3A02B8}"
EndProject
Global
	GlobalSection(SolutionConfigurationPlatforms) = preSolution
		Debug|Any CPU = Debug|Any CPU
		Release|Any CPU = Release|Any CPU
	EndGlobalSection
	GlobalSection(ProjectConfigurationPlatforms) = postSolution
		{C584FF60-C105-4A46-8FA9-A868AD3A02B8}.Debug|Any CPU.ActiveCfg = Debug|Any CPU
		{C584FF60-C105-4A46-8FA9-A868AD3A02B8}.Debug|Any CPU.Build.0 = Debug|Any CPU
		{C584FF60-C105-4A46-8FA9-A868AD3A02B8}.Release|Any CPU.ActiveCfg = Release|Any CPU
		{C584FF60-C105-4A46-8FA9-A868AD3A02B8}.Release|Any CPU.Build.0 = Release|Any CPU
	EndGlobalSection
	GlobalSection(SolutionProperties) = preSolution
		HideSolutionNode = FALSE
	EndGlobalSection
	GlobalSection(ExtensibilityGlobals) = postSolution
		SolutionGuid = {34E51A37-4740-4C70-9410-1A3A4AE77CEF}
	EndGlobalSection
EndGlobal
