
Microsoft Visual Studio Solution File, Format Version 12.00
# Visual Studio Version 17
VisualStudioVersion = 17.6.33829.357
MinimumVisualStudioVersion = 10.0.40219.1
Project("{FAE04EC0-301F-11D3-BF4B-00C04F79EFBC}") = "LessCode.EFCore.StronglyTypedId的使用", "LessCode.EFCore.StronglyTypedId的使用\LessCode.EFCore.StronglyTypedId的使用.csproj", "{C490C0D5-EEAE-4B30-B17D-DF47EA55FC2D}"
EndProject
Global
	GlobalSection(SolutionConfigurationPlatforms) = preSolution
		Debug|Any CPU = Debug|Any CPU
		Release|Any CPU = Release|Any CPU
	EndGlobalSection
	GlobalSection(ProjectConfigurationPlatforms) = postSolution
		{C490C0D5-EEAE-4B30-B17D-DF47EA55FC2D}.Debug|Any CPU.ActiveCfg = Debug|Any CPU
		{C490C0D5-EEAE-4B30-B17D-DF47EA55FC2D}.Debug|Any CPU.Build.0 = Debug|Any CPU
		{C490C0D5-EEAE-4B30-B17D-DF47EA55FC2D}.Release|Any CPU.ActiveCfg = Release|Any CPU
		{C490C0D5-EEAE-4B30-B17D-DF47EA55FC2D}.Release|Any CPU.Build.0 = Release|Any CPU
	EndGlobalSection
	GlobalSection(SolutionProperties) = preSolution
		HideSolutionNode = FALSE
	EndGlobalSection
	GlobalSection(ExtensibilityGlobals) = postSolution
		SolutionGuid = {B9D8BB46-2509-42A4-BF54-8E57E70156CC}
	EndGlobalSection
EndGlobal
