
Microsoft Visual Studio Solution File, Format Version 12.00
# Visual Studio Version 17
VisualStudioVersion = 17.6.33801.468
MinimumVisualStudioVersion = 10.0.40219.1
Project("{FAE04EC0-301F-11D3-BF4B-00C04F79EFBC}") = "8.2 利用托管服务执行后台代码", "8.2 利用托管服务执行后台代码\8.2 利用托管服务执行后台代码.csproj", "{B940E38D-03EF-4C30-B77C-1040EC5316E2}"
EndProject
Project("{FAE04EC0-301F-11D3-BF4B-00C04F79EFBC}") = "数据的定时导出", "数据的定时导出\数据的定时导出.csproj", "{626041DE-F0EA-4B65-A246-82E2DE67AF21}"
EndProject
Global
	GlobalSection(SolutionConfigurationPlatforms) = preSolution
		Debug|Any CPU = Debug|Any CPU
		Release|Any CPU = Release|Any CPU
	EndGlobalSection
	GlobalSection(ProjectConfigurationPlatforms) = postSolution
		{B940E38D-03EF-4C30-B77C-1040EC5316E2}.Debug|Any CPU.ActiveCfg = Debug|Any CPU
		{B940E38D-03EF-4C30-B77C-1040EC5316E2}.Debug|Any CPU.Build.0 = Debug|Any CPU
		{B940E38D-03EF-4C30-B77C-1040EC5316E2}.Release|Any CPU.ActiveCfg = Release|Any CPU
		{B940E38D-03EF-4C30-B77C-1040EC5316E2}.Release|Any CPU.Build.0 = Release|Any CPU
		{626041DE-F0EA-4B65-A246-82E2DE67AF21}.Debug|Any CPU.ActiveCfg = Debug|Any CPU
		{626041DE-F0EA-4B65-A246-82E2DE67AF21}.Debug|Any CPU.Build.0 = Debug|Any CPU
		{626041DE-F0EA-4B65-A246-82E2DE67AF21}.Release|Any CPU.ActiveCfg = Release|Any CPU
		{626041DE-F0EA-4B65-A246-82E2DE67AF21}.Release|Any CPU.Build.0 = Release|Any CPU
	EndGlobalSection
	GlobalSection(SolutionProperties) = preSolution
		HideSolutionNode = FALSE
	EndGlobalSection
	GlobalSection(ExtensibilityGlobals) = postSolution
		SolutionGuid = {DBE186EA-FD06-4733-9574-22919E700214}
	EndGlobalSection
EndGlobal
